{
  "name": "jcg-code-generator",
  "version": "1.0.0",
  "lockfileVersion": 3,
  "requires": true,
  "packages": {
    "": {
      "name": "jcg-code-generator",
      "version": "1.0.0",
      "license": "ISC",
      "dependencies": {
        "jcg-writefile": "^1.0.0"
      }
    },
    "node_modules/jcg-writefile": {
      "version": "1.0.0",
      "resolved": "https://registry.npmjs.org/jcg-writefile/-/jcg-writefile-1.0.0.tgz",
      "integrity": "sha512-C/6OAxVXl5xWxDzsJ9CCHJjcXEO8J3yYJu0z3miCvM+Y5uxzh1BgNmQpg1W1sbDzYodCFQpYrE/H9TnW0oAjDQ=="
    }
  }
}
